
Microsoft Visual Studio Solution File, Format Version 12.00
# Visual Studio 14
VisualStudioVersion = 14.0.25420.1
MinimumVisualStudioVersion = 10.0.40219.1
Project("{8BC9CEB8-8B4A-11D0-8D11-00A0C91BC942}") = "HelloGitHub", "HelloGitHub\HelloGitHub.vcxproj", "{E7EE7FF2-00D7-4B04-A3DC-C5AC1130E3A0}"
EndProject
Project("{8BC9CEB8-8B4A-11D0-8D11-00A0C91BC942}") = "RandomEnemyGenerator", "RandomEnemyGenerator\RandomEnemyGenerator.vcxproj", "{E92E6412-2538-4C6B-88B6-C5C7A060DCCA}"
EndProject
Project("{8BC9CEB8-8B4A-11D0-8D11-00A0C91BC942}") = "TheWalkingDead", "TheWalkingDead\TheWalkingDead.vcxproj", "{0204F1D2-3217-4763-BC8F-C68B7DE20E9C}"
EndProject
Project("{8BC9CEB8-8B4A-11D0-8D11-00A0C91BC942}") = "DynArray", "DynArray\DynArray.vcxproj", "{73D7741F-3DAE-4F49-87B1-7CD1FE56596E}"
EndProject
Project("{8BC9CEB8-8B4A-11D0-8D11-00A0C91BC942}") = "P1", "P1\P1.vcxproj", "{726C3EC6-328E-40D1-9FB1-7D5663A77E11}"
EndProject
Project("{8BC9CEB8-8B4A-11D0-8D11-00A0C91BC942}") = "STL.vector", "STL.vector\STL.vector.vcxproj", "{D9941F83-CBD7-40CC-B91C-4B5837F0659D}"
EndProject
Global
	GlobalSection(SolutionConfigurationPlatforms) = preSolution
		Debug|x64 = Debug|x64
		Debug|x86 = Debug|x86
		Release|x64 = Release|x64
		Release|x86 = Release|x86
	EndGlobalSection
	GlobalSection(ProjectConfigurationPlatforms) = postSolution
		{E7EE7FF2-00D7-4B04-A3DC-C5AC1130E3A0}.Debug|x64.ActiveCfg = Debug|x64
		{E7EE7FF2-00D7-4B04-A3DC-C5AC1130E3A0}.Debug|x64.Build.0 = Debug|x64
		{E7EE7FF2-00D7-4B04-A3DC-C5AC1130E3A0}.Debug|x86.ActiveCfg = Debug|Win32
		{E7EE7FF2-00D7-4B04-A3DC-C5AC1130E3A0}.Debug|x86.Build.0 = Debug|Win32
		{E7EE7FF2-00D7-4B04-A3DC-C5AC1130E3A0}.Release|x64.ActiveCfg = Release|x64
		{E7EE7FF2-00D7-4B04-A3DC-C5AC1130E3A0}.Release|x64.Build.0 = Release|x64
		{E7EE7FF2-00D7-4B04-A3DC-C5AC1130E3A0}.Release|x86.ActiveCfg = Release|Win32
		{E7EE7FF2-00D7-4B04-A3DC-C5AC1130E3A0}.Release|x86.Build.0 = Release|Win32
		{E92E6412-2538-4C6B-88B6-C5C7A060DCCA}.Debug|x64.ActiveCfg = Debug|x64
		{E92E6412-2538-4C6B-88B6-C5C7A060DCCA}.Debug|x64.Build.0 = Debug|x64
		{E92E6412-2538-4C6B-88B6-C5C7A060DCCA}.Debug|x86.ActiveCfg = Debug|Win32
		{E92E6412-2538-4C6B-88B6-C5C7A060DCCA}.Debug|x86.Build.0 = Debug|Win32
		{E92E6412-2538-4C6B-88B6-C5C7A060DCCA}.Release|x64.ActiveCfg = Release|x64
		{E92E6412-2538-4C6B-88B6-C5C7A060DCCA}.Release|x64.Build.0 = Release|x64
		{E92E6412-2538-4C6B-88B6-C5C7A060DCCA}.Release|x86.ActiveCfg = Release|Win32
		{E92E6412-2538-4C6B-88B6-C5C7A060DCCA}.Release|x86.Build.0 = Release|Win32
		{0204F1D2-3217-4763-BC8F-C68B7DE20E9C}.Debug|x64.ActiveCfg = Debug|x64
		{0204F1D2-3217-4763-BC8F-C68B7DE20E9C}.Debug|x64.Build.0 = Debug|x64
		{0204F1D2-3217-4763-BC8F-C68B7DE20E9C}.Debug|x86.ActiveCfg = Debug|Win32
		{0204F1D2-3217-4763-BC8F-C68B7DE20E9C}.Debug|x86.Build.0 = Debug|Win32
		{0204F1D2-3217-4763-BC8F-C68B7DE20E9C}.Release|x64.ActiveCfg = Release|x64
		{0204F1D2-3217-4763-BC8F-C68B7DE20E9C}.Release|x64.Build.0 = Release|x64
		{0204F1D2-3217-4763-BC8F-C68B7DE20E9C}.Release|x86.ActiveCfg = Release|Win32
		{0204F1D2-3217-4763-BC8F-C68B7DE20E9C}.Release|x86.Build.0 = Release|Win32
		{73D7741F-3DAE-4F49-87B1-7CD1FE56596E}.Debug|x64.ActiveCfg = Debug|x64
		{73D7741F-3DAE-4F49-87B1-7CD1FE56596E}.Debug|x64.Build.0 = Debug|x64
		{73D7741F-3DAE-4F49-87B1-7CD1FE56596E}.Debug|x86.ActiveCfg = Debug|Win32
		{73D7741F-3DAE-4F49-87B1-7CD1FE56596E}.Debug|x86.Build.0 = Debug|Win32
		{73D7741F-3DAE-4F49-87B1-7CD1FE56596E}.Release|x64.ActiveCfg = Release|x64
		{73D7741F-3DAE-4F49-87B1-7CD1FE56596E}.Release|x64.Build.0 = Release|x64
		{73D7741F-3DAE-4F49-87B1-7CD1FE56596E}.Release|x86.ActiveCfg = Release|Win32
		{73D7741F-3DAE-4F49-87B1-7CD1FE56596E}.Release|x86.Build.0 = Release|Win32
		{726C3EC6-328E-40D1-9FB1-7D5663A77E11}.Debug|x64.ActiveCfg = Debug|x64
		{726C3EC6-328E-40D1-9FB1-7D5663A77E11}.Debug|x64.Build.0 = Debug|x64
		{726C3EC6-328E-40D1-9FB1-7D5663A77E11}.Debug|x86.ActiveCfg = Debug|Win32
		{726C3EC6-328E-40D1-9FB1-7D5663A77E11}.Debug|x86.Build.0 = Debug|Win32
		{726C3EC6-328E-40D1-9FB1-7D5663A77E11}.Release|x64.ActiveCfg = Release|x64
		{726C3EC6-328E-40D1-9FB1-7D5663A77E11}.Release|x64.Build.0 = Release|x64
		{726C3EC6-328E-40D1-9FB1-7D5663A77E11}.Release|x86.ActiveCfg = Release|Win32
		{726C3EC6-328E-40D1-9FB1-7D5663A77E11}.Release|x86.Build.0 = Release|Win32
		{D9941F83-CBD7-40CC-B91C-4B5837F0659D}.Debug|x64.ActiveCfg = Debug|x64
		{D9941F83-CBD7-40CC-B91C-4B5837F0659D}.Debug|x64.Build.0 = Debug|x64
		{D9941F83-CBD7-40CC-B91C-4B5837F0659D}.Debug|x86.ActiveCfg = Debug|Win32
		{D9941F83-CBD7-40CC-B91C-4B5837F0659D}.Debug|x86.Build.0 = Debug|Win32
		{D9941F83-CBD7-40CC-B91C-4B5837F0659D}.Release|x64.ActiveCfg = Release|x64
		{D9941F83-CBD7-40CC-B91C-4B5837F0659D}.Release|x64.Build.0 = Release|x64
		{D9941F83-CBD7-40CC-B91C-4B5837F0659D}.Release|x86.ActiveCfg = Release|Win32
		{D9941F83-CBD7-40CC-B91C-4B5837F0659D}.Release|x86.Build.0 = Release|Win32
	EndGlobalSection
	GlobalSection(SolutionProperties) = preSolution
		HideSolutionNode = FALSE
	EndGlobalSection
EndGlobal
